
Microsoft Visual Studio Solution File, Format Version 12.00
# Visual Studio Version 17
VisualStudioVersion = 17.9.34622.214
MinimumVisualStudioVersion = 10.0.40219.1
Project("{2150E333-8FDC-42A3-9474-1A3956D46DE8}") = "src", "src", "{FD93AC2E-D9E6-467A-81BE-AF7ABF966F4E}"
EndProject
Project("{2150E333-8FDC-42A3-9474-1A3956D46DE8}") = "Web", "Web", "{901813AB-5ABE-41C8-8EBB-5FF2CB72CB0E}"
EndProject
Project("{2150E333-8FDC-42A3-9474-1A3956D46DE8}") = "Modules", "Modules", "{CFBFB04D-A97F-4184-8677-464C4AA67938}"
EndProject
Project("{2150E333-8FDC-42A3-9474-1A3956D46DE8}") = "UI", "UI", "{F2006EF2-2C20-447D-92AC-63F20709F032}"
EndProject
Project("{2150E333-8FDC-42A3-9474-1A3956D46DE8}") = "Api", "Api", "{89709219-FA19-48DA-BCA6-511F7A62CF0F}"
EndProject
Project("{2150E333-8FDC-42A3-9474-1A3956D46DE8}") = "Users", "Users", "{9C6822A5-C44D-4BE3-9DD2-F3F2EECBCEF3}"
EndProject
Project("{2150E333-8FDC-42A3-9474-1A3956D46DE8}") = "Tests", "Tests", "{5721A058-844D-41DD-9E49-E828AAE2C841}"
EndProject
Project("{2150E333-8FDC-42A3-9474-1A3956D46DE8}") = "Modules.Tests", "Modules.Tests", "{662D5077-BBCF-4D05-912A-A5EE2AD8BFBC}"
EndProject
Project("{2150E333-8FDC-42A3-9474-1A3956D46DE8}") = "Web.Tests", "Web.Tests", "{B4484764-41D2-4C87-B0E2-1F0BDEFB3D42}"
EndProject
Project("{9A19103F-16F7-4668-BE54-9A1E7A4F7556}") = "API", "src\Web\API\API.csproj", "{54D38284-9B2D-47F2-8479-99178853392D}"
EndProject
Project("{9A19103F-16F7-4668-BE54-9A1E7A4F7556}") = "UI", "src\Web\UI\UI.csproj", "{146B2D23-BB2B-4BAA-B372-FDE4461462C3}"
EndProject
Project("{2150E333-8FDC-42A3-9474-1A3956D46DE8}") = "Domain", "Domain", "{4BF6BACD-F7E6-4766-AD21-4ED6D2733C8E}"
EndProject
Project("{2150E333-8FDC-42A3-9474-1A3956D46DE8}") = "DataAccess", "DataAccess", "{22EC3A7B-3ED1-457D-8DD9-D0327AB958EB}"
EndProject
Project("{9A19103F-16F7-4668-BE54-9A1E7A4F7556}") = "DataAccess", "src\Modules\Users\DataAccess\DataAccess.csproj", "{4F6A5D5B-C722-4E2F-B14A-F5B42B97EC7B}"
EndProject
Project("{9A19103F-16F7-4668-BE54-9A1E7A4F7556}") = "Domain", "src\Modules\Users\Domain\Domain.csproj", "{AE48640E-0B04-45F5-BEB4-1E5DC12894FD}"
EndProject
Project("{2150E333-8FDC-42A3-9474-1A3956D46DE8}") = "Application", "Application", "{02EA681E-C7D8-13C7-8484-4AC65E1B71E8}"
EndProject
Project("{FAE04EC0-301F-11D3-BF4B-00C04F79EFBC}") = "Application", "src\Modules\Users\Application\Application\Application.csproj", "{9CEC06B6-1EA7-4A94-9948-B04931E83AC1}"
EndProject
Project("{2150E333-8FDC-42A3-9474-1A3956D46DE8}") = "Contracts", "Contracts", "{85F96556-07B7-4BBE-A01F-1CC31D17775C}"
EndProject
Project("{FAE04EC0-301F-11D3-BF4B-00C04F79EFBC}") = "Contracts", "src\Modules\Users\Contracts\Contracts.csproj", "{8A0CF878-082B-43A1-86CD-EFF1504E21D9}"
EndProject
Project("{FAE04EC0-301F-11D3-BF4B-00C04F79EFBC}") = "Modules.Tests", "src\Tests\Modules.Tests\Modules.Tests.csproj", "{E3556367-79BF-4189-B559-F8B8374774AD}"
EndProject
Project("{FAE04EC0-301F-11D3-BF4B-00C04F79EFBC}") = "Web.Tests", "src\Tests\Web.Tests\Web.Tests.csproj", "{66C3B199-A206-46D3-B26F-56EF777F838E}"
EndProject
Global
	GlobalSection(SolutionConfigurationPlatforms) = preSolution
		Debug|Any CPU = Debug|Any CPU
		Release|Any CPU = Release|Any CPU
	EndGlobalSection
	GlobalSection(ProjectConfigurationPlatforms) = postSolution
		{54D38284-9B2D-47F2-8479-99178853392D}.Debug|Any CPU.ActiveCfg = Debug|Any CPU
		{54D38284-9B2D-47F2-8479-99178853392D}.Debug|Any CPU.Build.0 = Debug|Any CPU
		{54D38284-9B2D-47F2-8479-99178853392D}.Release|Any CPU.ActiveCfg = Release|Any CPU
		{54D38284-9B2D-47F2-8479-99178853392D}.Release|Any CPU.Build.0 = Release|Any CPU
		{146B2D23-BB2B-4BAA-B372-FDE4461462C3}.Debug|Any CPU.ActiveCfg = Debug|Any CPU
		{146B2D23-BB2B-4BAA-B372-FDE4461462C3}.Debug|Any CPU.Build.0 = Debug|Any CPU
		{146B2D23-BB2B-4BAA-B372-FDE4461462C3}.Release|Any CPU.ActiveCfg = Release|Any CPU
		{146B2D23-BB2B-4BAA-B372-FDE4461462C3}.Release|Any CPU.Build.0 = Release|Any CPU
		{4F6A5D5B-C722-4E2F-B14A-F5B42B97EC7B}.Debug|Any CPU.ActiveCfg = Debug|Any CPU
		{4F6A5D5B-C722-4E2F-B14A-F5B42B97EC7B}.Debug|Any CPU.Build.0 = Debug|Any CPU
		{4F6A5D5B-C722-4E2F-B14A-F5B42B97EC7B}.Release|Any CPU.ActiveCfg = Release|Any CPU
		{4F6A5D5B-C722-4E2F-B14A-F5B42B97EC7B}.Release|Any CPU.Build.0 = Release|Any CPU
		{AE48640E-0B04-45F5-BEB4-1E5DC12894FD}.Debug|Any CPU.ActiveCfg = Debug|Any CPU
		{AE48640E-0B04-45F5-BEB4-1E5DC12894FD}.Debug|Any CPU.Build.0 = Debug|Any CPU
		{AE48640E-0B04-45F5-BEB4-1E5DC12894FD}.Release|Any CPU.ActiveCfg = Release|Any CPU
		{AE48640E-0B04-45F5-BEB4-1E5DC12894FD}.Release|Any CPU.Build.0 = Release|Any CPU
		{9CEC06B6-1EA7-4A94-9948-B04931E83AC1}.Debug|Any CPU.ActiveCfg = Debug|Any CPU
		{9CEC06B6-1EA7-4A94-9948-B04931E83AC1}.Debug|Any CPU.Build.0 = Debug|Any CPU
		{9CEC06B6-1EA7-4A94-9948-B04931E83AC1}.Release|Any CPU.ActiveCfg = Release|Any CPU
		{9CEC06B6-1EA7-4A94-9948-B04931E83AC1}.Release|Any CPU.Build.0 = Release|Any CPU
		{8A0CF878-082B-43A1-86CD-EFF1504E21D9}.Debug|Any CPU.ActiveCfg = Debug|Any CPU
		{8A0CF878-082B-43A1-86CD-EFF1504E21D9}.Debug|Any CPU.Build.0 = Debug|Any CPU
		{8A0CF878-082B-43A1-86CD-EFF1504E21D9}.Release|Any CPU.ActiveCfg = Release|Any CPU
		{8A0CF878-082B-43A1-86CD-EFF1504E21D9}.Release|Any CPU.Build.0 = Release|Any CPU
		{E3556367-79BF-4189-B559-F8B8374774AD}.Debug|Any CPU.ActiveCfg = Debug|Any CPU
		{E3556367-79BF-4189-B559-F8B8374774AD}.Debug|Any CPU.Build.0 = Debug|Any CPU
		{E3556367-79BF-4189-B559-F8B8374774AD}.Release|Any CPU.ActiveCfg = Release|Any CPU
		{E3556367-79BF-4189-B559-F8B8374774AD}.Release|Any CPU.Build.0 = Release|Any CPU
		{66C3B199-A206-46D3-B26F-56EF777F838E}.Debug|Any CPU.ActiveCfg = Debug|Any CPU
		{66C3B199-A206-46D3-B26F-56EF777F838E}.Debug|Any CPU.Build.0 = Debug|Any CPU
		{66C3B199-A206-46D3-B26F-56EF777F838E}.Release|Any CPU.ActiveCfg = Release|Any CPU
		{66C3B199-A206-46D3-B26F-56EF777F838E}.Release|Any CPU.Build.0 = Release|Any CPU
	EndGlobalSection
	GlobalSection(SolutionProperties) = preSolution
		HideSolutionNode = FALSE
	EndGlobalSection
	GlobalSection(NestedProjects) = preSolution
		{901813AB-5ABE-41C8-8EBB-5FF2CB72CB0E} = {FD93AC2E-D9E6-467A-81BE-AF7ABF966F4E}
		{CFBFB04D-A97F-4184-8677-464C4AA67938} = {FD93AC2E-D9E6-467A-81BE-AF7ABF966F4E}
		{F2006EF2-2C20-447D-92AC-63F20709F032} = {901813AB-5ABE-41C8-8EBB-5FF2CB72CB0E}
		{89709219-FA19-48DA-BCA6-511F7A62CF0F} = {901813AB-5ABE-41C8-8EBB-5FF2CB72CB0E}
		{9C6822A5-C44D-4BE3-9DD2-F3F2EECBCEF3} = {CFBFB04D-A97F-4184-8677-464C4AA67938}
		{5721A058-844D-41DD-9E49-E828AAE2C841} = {FD93AC2E-D9E6-467A-81BE-AF7ABF966F4E}
		{662D5077-BBCF-4D05-912A-A5EE2AD8BFBC} = {5721A058-844D-41DD-9E49-E828AAE2C841}
		{B4484764-41D2-4C87-B0E2-1F0BDEFB3D42} = {5721A058-844D-41DD-9E49-E828AAE2C841}
		{54D38284-9B2D-47F2-8479-99178853392D} = {89709219-FA19-48DA-BCA6-511F7A62CF0F}
		{146B2D23-BB2B-4BAA-B372-FDE4461462C3} = {F2006EF2-2C20-447D-92AC-63F20709F032}
		{4BF6BACD-F7E6-4766-AD21-4ED6D2733C8E} = {9C6822A5-C44D-4BE3-9DD2-F3F2EECBCEF3}
		{22EC3A7B-3ED1-457D-8DD9-D0327AB958EB} = {9C6822A5-C44D-4BE3-9DD2-F3F2EECBCEF3}
		{4F6A5D5B-C722-4E2F-B14A-F5B42B97EC7B} = {22EC3A7B-3ED1-457D-8DD9-D0327AB958EB}
		{AE48640E-0B04-45F5-BEB4-1E5DC12894FD} = {4BF6BACD-F7E6-4766-AD21-4ED6D2733C8E}
		{02EA681E-C7D8-13C7-8484-4AC65E1B71E8} = {9C6822A5-C44D-4BE3-9DD2-F3F2EECBCEF3}
		{9CEC06B6-1EA7-4A94-9948-B04931E83AC1} = {02EA681E-C7D8-13C7-8484-4AC65E1B71E8}
		{85F96556-07B7-4BBE-A01F-1CC31D17775C} = {9C6822A5-C44D-4BE3-9DD2-F3F2EECBCEF3}
		{8A0CF878-082B-43A1-86CD-EFF1504E21D9} = {85F96556-07B7-4BBE-A01F-1CC31D17775C}
		{E3556367-79BF-4189-B559-F8B8374774AD} = {662D5077-BBCF-4D05-912A-A5EE2AD8BFBC}
		{66C3B199-A206-46D3-B26F-56EF777F838E} = {B4484764-41D2-4C87-B0E2-1F0BDEFB3D42}
	EndGlobalSection
	GlobalSection(ExtensibilityGlobals) = postSolution
		SolutionGuid = {D3B41342-C74C-43A0-9C12-363A47AB36F8}
	EndGlobalSection
EndGlobal
